
Microsoft Visual Studio Solution File, Format Version 12.00
# Visual Studio Version 17
VisualStudioVersion = 17.3.32901.215
MinimumVisualStudioVersion = 10.0.40219.1
Project("{FAE04EC0-301F-11D3-BF4B-00C04F79EFBC}") = "НадёжностьЭлементов", "НадёжностьЭлементов\НадёжностьЭлементов.csproj", "{4C6EB6B8-9659-4227-BE81-FE9A2AED8AD4}"
EndProject
Global
	GlobalSection(SolutionConfigurationPlatforms) = preSolution
		Debug|Any CPU = Debug|Any CPU
		Release|Any CPU = Release|Any CPU
	EndGlobalSection
	GlobalSection(ProjectConfigurationPlatforms) = postSolution
		{4C6EB6B8-9659-4227-BE81-FE9A2AED8AD4}.Debug|Any CPU.ActiveCfg = Debug|Any CPU
		{4C6EB6B8-9659-4227-BE81-FE9A2AED8AD4}.Debug|Any CPU.Build.0 = Debug|Any CPU
		{4C6EB6B8-9659-4227-BE81-FE9A2AED8AD4}.Release|Any CPU.ActiveCfg = Release|Any CPU
		{4C6EB6B8-9659-4227-BE81-FE9A2AED8AD4}.Release|Any CPU.Build.0 = Release|Any CPU
	EndGlobalSection
	GlobalSection(SolutionProperties) = preSolution
		HideSolutionNode = FALSE
	EndGlobalSection
	GlobalSection(ExtensibilityGlobals) = postSolution
		SolutionGuid = {8AF373AC-5ECC-4429-9964-60C6172A8BD7}
	EndGlobalSection
EndGlobal
